
Microsoft Visual Studio Solution File, Format Version 12.00
# Visual Studio Version 17
VisualStudioVersion = 17.5.33530.505
MinimumVisualStudioVersion = 10.0.40219.1
Project("{FAE04EC0-301F-11D3-BF4B-00C04F79EFBC}") = "properties", "properties\properties.csproj", "{DDFB8028-8AED-48BF-A35F-78F0F146F97D}"
EndProject
Global
	GlobalSection(SolutionConfigurationPlatforms) = preSolution
		Debug|Any CPU = Debug|Any CPU
		Release|Any CPU = Release|Any CPU
	EndGlobalSection
	GlobalSection(ProjectConfigurationPlatforms) = postSolution
		{DDFB8028-8AED-48BF-A35F-78F0F146F97D}.Debug|Any CPU.ActiveCfg = Debug|Any CPU
		{DDFB8028-8AED-48BF-A35F-78F0F146F97D}.Debug|Any CPU.Build.0 = Debug|Any CPU
		{DDFB8028-8AED-48BF-A35F-78F0F146F97D}.Release|Any CPU.ActiveCfg = Release|Any CPU
		{DDFB8028-8AED-48BF-A35F-78F0F146F97D}.Release|Any CPU.Build.0 = Release|Any CPU
	EndGlobalSection
	GlobalSection(SolutionProperties) = preSolution
		HideSolutionNode = FALSE
	EndGlobalSection
	GlobalSection(ExtensibilityGlobals) = postSolution
		SolutionGuid = {5C59C5FF-E71A-40AA-9E6B-45B8322FB81F}
	EndGlobalSection
EndGlobal
